lockfileVersion: '9.0'

settings:
  autoInstallPeers: true
  excludeLinksFromLockfile: false

importers:

  .:
    dependencies:
      package-lib:
        specifier: link:../package-lib
        version: link:../package-lib
    devDependencies:
      '@tsconfig/node22':
        specifier: ^22.0.1
        version: 22.0.1
      '@tsconfig/recommended':
        specifier: ^1.0.8
        version: 1.0.8
      '@tsconfig/strictest':
        specifier: ^2.0.5
        version: 2.0.5
      typescript:
        specifier: ^5.8.3
        version: 5.8.3

packages:

  '@tsconfig/node22@22.0.1':
    resolution: {integrity: sha512-VkgOa3n6jvs1p+r3DiwBqeEwGAwEvnVCg/hIjiANl5IEcqP3G0u5m8cBJspe1t9qjZRlZ7WFgqq5bJrGdgAKMg==}

  '@tsconfig/recommended@1.0.8':
    resolution: {integrity: sha512-TotjFaaXveVUdsrXCdalyF6E5RyG6+7hHHQVZonQtdlk1rJZ1myDIvPUUKPhoYv+JAzThb2lQJh9+9ZfF46hsA==}

  '@tsconfig/strictest@2.0.5':
    resolution: {integrity: sha512-ec4tjL2Rr0pkZ5hww65c+EEPYwxOi4Ryv+0MtjeaSQRJyq322Q27eOQiFbuNgw2hpL4hB1/W/HBGk3VKS43osg==}

  typescript@5.8.3:
    resolution: {integrity: sha512-p1diW6TqL9L07nNxvRMM7hMMw4c5XOo/1ibL4aAIGmSAt9slTE1Xgw5KWuof2uTOvCg9BY7ZRi+GaF+7sfgPeQ==}
    engines: {node: '>=14.17'}
    hasBin: true

snapshots:

  '@tsconfig/node22@22.0.1': {}

  '@tsconfig/recommended@1.0.8': {}

  '@tsconfig/strictest@2.0.5': {}

  typescript@5.8.3: {}
